PODS:
  - ADALiOS (1.2.10)
  - RxCocoa (4.3.1):
    - RxSwift (~> 4.0)
  - RxSwift (4.2.0)

DEPENDENCIES:
  - ADALiOS
  - RxCocoa (~> 4.3.1)
  - RxSwift (~> 4.2.0)

SPEC REPOS:
  https://github.com/cocoapods/specs.git:
    - ADALiOS
    - RxCocoa
    - RxSwift

SPEC CHECKSUMS:
  ADALiOS: 505c364827c25dd37811e660a943dace9c0ff094
  RxCocoa: 78763c7b07d02455598d9fc3c1ad091a28b73635
  RxSwift: 99e10317ddfcc7fbe01356aafd118fde4a0be104

PODFILE CHECKSUM: c7d145948bfbfee754623698abf242ab37b656b7

COCOAPODS: 1.5.3
