// !$*UTF8*$!
{
	archiveVersion = 1;
	classes = {
	};
	objectVersion = 50;
	objects = {

/* Begin PBXBuildFile section */
		8F259935B66085ABB349B855 /* Pods_GraphAPI.framework in Frameworks */ = {isa = PBXBuildFile; fileRef = 5F084E54DD9D1D63FA18E59D /* Pods_GraphAPI.framework */; };
		B33AF5B2224154B300C649D4 /* AppDelegate.swift in Sources */ = {isa = PBXBuildFile; fileRef = B33AF5B1224154B300C649D4 /* AppDelegate.swift */; };
		B33AF5B4224154B300C649D4 /* ViewController.swift in Sources */ = {isa = PBXBuildFile; fileRef = B33AF5B3224154B300C649D4 /* ViewController.swift */; };
		B33AF5B7224154B300C649D4 /* Main.storyboard in Resources */ = {isa = PBXBuildFile; fileRef = B33AF5B5224154B300C649D4 /* Main.storyboard */; };
		B33AF5BA224154B300C649D4 /* GraphAPI.xcdatamodeld in Sources */ = {isa = PBXBuildFile; fileRef = B33AF5B8224154B300C649D4 /* GraphAPI.xcdatamodeld */; };
		B33AF5BC224154B400C649D4 /* Assets.xcassets in Resources */ = {isa = PBXBuildFile; fileRef = B33AF5BB224154B400C649D4 /* Assets.xcassets */; };
		B33AF5BF224154B400C649D4 /* LaunchScreen.storyboard in Resources */ = {isa = PBXBuildFile; fileRef = B33AF5BD224154B400C649D4 /* LaunchScreen.storyboard */; };
		B33AF5CA224154B400C649D4 /* GraphAPITests.swift in Sources */ = {isa = PBXBuildFile; fileRef = B33AF5C9224154B400C649D4 /* GraphAPITests.swift */; };
		B35AFE3E2241670800F2B827 /* ADALiOS.framework in Frameworks */ = {isa = PBXBuildFile; fileRef = B35AFE3D2241670800F2B827 /* ADALiOS.framework */; };
		B35AFE402241670800F2B827 /* RxSwift.framework in Frameworks */ = {isa = PBXBuildFile; fileRef = B35AFE3F2241670800F2B827 /* RxSwift.framework */; };
		B35AFE422241671100F2B827 /* UIKit.framework in Frameworks */ = {isa = PBXBuildFile; fileRef = B35AFE412241671100F2B827 /* UIKit.framework */; };
		B35AFE442241671700F2B827 /* AVFoundation.framework in Frameworks */ = {isa = PBXBuildFile; fileRef = B35AFE432241671700F2B827 /* AVFoundation.framework */; };
		B35AFE46224167AD00F2B827 /* TokenManagerADAL.swift in Sources */ = {isa = PBXBuildFile; fileRef = B35AFE45224167AD00F2B827 /* TokenManagerADAL.swift */; };
		B35AFE492241707D00F2B827 /* GraphView.swift in Sources */ = {isa = PBXBuildFile; fileRef = B35AFE482241707D00F2B827 /* GraphView.swift */; };
		B35AFE5422417F8800F2B827 /* GraphVc.swift in Sources */ = {isa = PBXBuildFile; fileRef = B35AFE5322417F8800F2B827 /* GraphVc.swift */; };
		B35AFE5722417FEE00F2B827 /* GraphVM.swift in Sources */ = {isa = PBXBuildFile; fileRef = B35AFE5622417FEE00F2B827 /* GraphVM.swift */; };
		B35AFE5A2241824D00F2B827 /* ITokenManager.swift in Sources */ = {isa = PBXBuildFile; fileRef = B35AFE592241824D00F2B827 /* ITokenManager.swift */; };
		B35AFE5D2241836600F2B827 /* LogSubscriberImpl.swift in Sources */ = {isa = PBXBuildFile; fileRef = B35AFE5C2241836600F2B827 /* LogSubscriberImpl.swift */; };
		B35AFE5F224184F400F2B827 /* SubscriberImpl.swift in Sources */ = {isa = PBXBuildFile; fileRef = B35AFE5E224184F400F2B827 /* SubscriberImpl.swift */; };
		B35AFE61224187E900F2B827 /* GraphAPIImpl.swift in Sources */ = {isa = PBXBuildFile; fileRef = B35AFE60224187E900F2B827 /* GraphAPIImpl.swift */; };
		B35AFE63224187FC00F2B827 /* IGraphAPI.swift in Sources */ = {isa = PBXBuildFile; fileRef = B35AFE62224187FC00F2B827 /* IGraphAPI.swift */; };
		B35AFE682241B2E000F2B827 /* TokenManagerMSAL.swift in Sources */ = {isa = PBXBuildFile; fileRef = B35AFE672241B2E000F2B827 /* TokenManagerMSAL.swift */; };
/* End PBXBuildFile section */

/* Begin PBXContainerItemProxy section */
		B33AF5C6224154B400C649D4 /* PBXContainerItemProxy */ = {
			isa = PBXContainerItemProxy;
			containerPortal = B33AF5A6224154B300C649D4 /* Project object */;
			proxyType = 1;
			remoteGlobalIDString = B33AF5AD224154B300C649D4;
			remoteInfo = GraphAPI;
		};
/* End PBXContainerItemProxy section */

/* Begin PBXFileReference section */
		2BF7D7993F6C17B11DD7746D /* Pods-GraphAPI.debug.xcconfig */ = {isa = PBXFileReference; includeInIndex = 1; lastKnownFileType = text.xcconfig; name = "Pods-GraphAPI.debug.xcconfig"; path = "Pods/Target Support Files/Pods-GraphAPI/Pods-GraphAPI.debug.xcconfig"; sourceTree = "<group>"; };
		5F084E54DD9D1D63FA18E59D /* Pods_GraphAPI.framework */ = {isa = PBXFileReference; explicitFileType = wrapper.framework; includeInIndex = 0; path = Pods_GraphAPI.framework; sourceTree = BUILT_PRODUCTS_DIR; };
		6CB1A83E945622BCF3242A87 /* Pods-GraphAPI.release.xcconfig */ = {isa = PBXFileReference; includeInIndex = 1; lastKnownFileType = text.xcconfig; name = "Pods-GraphAPI.release.xcconfig"; path = "Pods/Target Support Files/Pods-GraphAPI/Pods-GraphAPI.release.xcconfig"; sourceTree = "<group>"; };
		B33AF5AE224154B300C649D4 /* GraphAPI.app */ = {isa = PBXFileReference; explicitFileType = wrapper.application; includeInIndex = 0; path = GraphAPI.app; sourceTree = BUILT_PRODUCTS_DIR; };
		B33AF5B1224154B300C649D4 /* AppDelegate.swift */ = {isa = PBXFileReference; lastKnownFileType = sourcecode.swift; path = AppDelegate.swift; sourceTree = "<group>"; };
		B33AF5B3224154B300C649D4 /* ViewController.swift */ = {isa = PBXFileReference; lastKnownFileType = sourcecode.swift; path = ViewController.swift; sourceTree = "<group>"; };
		B33AF5B6224154B300C649D4 /* Base */ = {isa = PBXFileReference; lastKnownFileType = file.storyboard; name = Base; path = Base.lproj/Main.storyboard; sourceTree = "<group>"; };
		B33AF5B9224154B300C649D4 /* GraphAPI.xcdatamodel */ = {isa = PBXFileReference; lastKnownFileType = wrapper.xcdatamodel; path = GraphAPI.xcdatamodel; sourceTree = "<group>"; };
		B33AF5BB224154B400C649D4 /* Assets.xcassets */ = {isa = PBXFileReference; lastKnownFileType = folder.assetcatalog; path = Assets.xcassets; sourceTree = "<group>"; };
		B33AF5BE224154B400C649D4 /* Base */ = {isa = PBXFileReference; lastKnownFileType = file.storyboard; name = Base; path = Base.lproj/LaunchScreen.storyboard; sourceTree = "<group>"; };
		B33AF5C0224154B400C649D4 /* Info.plist */ = {isa = PBXFileReference; lastKnownFileType = text.plist.xml; path = Info.plist; sourceTree = "<group>"; };
		B33AF5C5224154B400C649D4 /* GraphAPITests.xctest */ = {isa = PBXFileReference; explicitFileType = wrapper.cfbundle; includeInIndex = 0; path = GraphAPITests.xctest; sourceTree = BUILT_PRODUCTS_DIR; };
		B33AF5C9224154B400C649D4 /* GraphAPITests.swift */ = {isa = PBXFileReference; lastKnownFileType = sourcecode.swift; path = GraphAPITests.swift; sourceTree = "<group>"; };
		B33AF5CB224154B400C649D4 /* Info.plist */ = {isa = PBXFileReference; lastKnownFileType = text.plist.xml; path = Info.plist; sourceTree = "<group>"; };
		B35AFE3D2241670800F2B827 /* ADALiOS.framework */ = {isa = PBXFileReference; explicitFileType = wrapper.framework; path = ADALiOS.framework; sourceTree = BUILT_PRODUCTS_DIR; };
		B35AFE3F2241670800F2B827 /* RxSwift.framework */ = {isa = PBXFileReference; explicitFileType = wrapper.framework; path = RxSwift.framework; sourceTree = BUILT_PRODUCTS_DIR; };
		B35AFE412241671100F2B827 /* UIKit.framework */ = {isa = PBXFileReference; lastKnownFileType = wrapper.framework; name = UIKit.framework; path = System/Library/Frameworks/UIKit.framework; sourceTree = SDKROOT; };
		B35AFE432241671700F2B827 /* AVFoundation.framework */ = {isa = PBXFileReference; lastKnownFileType = wrapper.framework; name = AVFoundation.framework; path = System/Library/Frameworks/AVFoundation.framework; sourceTree = SDKROOT; };
		B35AFE45224167AD00F2B827 /* TokenManagerADAL.swift */ = {isa = PBXFileReference; lastKnownFileType = sourcecode.swift; path = TokenManagerADAL.swift; sourceTree = "<group>"; };
		B35AFE482241707D00F2B827 /* GraphView.swift */ = {isa = PBXFileReference; lastKnownFileType = sourcecode.swift; path = GraphView.swift; sourceTree = "<group>"; };
		B35AFE5322417F8800F2B827 /* GraphVc.swift */ = {isa = PBXFileReference; fileEncoding = 4; lastKnownFileType = sourcecode.swift; path = GraphVc.swift; sourceTree = "<group>"; };
		B35AFE5622417FEE00F2B827 /* GraphVM.swift */ = {isa = PBXFileReference; lastKnownFileType = sourcecode.swift; path = GraphVM.swift; sourceTree = "<group>"; };
		B35AFE592241824D00F2B827 /* ITokenManager.swift */ = {isa = PBXFileReference; lastKnownFileType = sourcecode.swift; path = ITokenManager.swift; sourceTree = "<group>"; };
		B35AFE5C2241836600F2B827 /* LogSubscriberImpl.swift */ = {isa = PBXFileReference; lastKnownFileType = sourcecode.swift; path = LogSubscriberImpl.swift; sourceTree = "<group>"; };
		B35AFE5E224184F400F2B827 /* SubscriberImpl.swift */ = {isa = PBXFileReference; lastKnownFileType = sourcecode.swift; path = SubscriberImpl.swift; sourceTree = "<group>"; };
		B35AFE60224187E900F2B827 /* GraphAPIImpl.swift */ = {isa = PBXFileReference; lastKnownFileType = sourcecode.swift; path = GraphAPIImpl.swift; sourceTree = "<group>"; };
		B35AFE62224187FC00F2B827 /* IGraphAPI.swift */ = {isa = PBXFileReference; lastKnownFileType = sourcecode.swift; path = IGraphAPI.swift; sourceTree = "<group>"; };
		B35AFE672241B2E000F2B827 /* TokenManagerMSAL.swift */ = {isa = PBXFileReference; lastKnownFileType = sourcecode.swift; path = TokenManagerMSAL.swift; sourceTree = "<group>"; };
		B35AFE692241BE2000F2B827 /* GraphAPI.entitlements */ = {isa = PBXFileReference; lastKnownFileType = text.plist.entitlements; path = GraphAPI.entitlements; sourceTree = "<group>"; };
/* End PBXFileReference section */

/* Begin PBXFrameworksBuildPhase section */
		B33AF5AB224154B300C649D4 /* Frameworks */ = {
			isa = PBXFrameworksBuildPhase;
			buildActionMask = 2147483647;
			files = (
				B35AFE442241671700F2B827 /* AVFoundation.framework in Frameworks */,
				B35AFE422241671100F2B827 /* UIKit.framework in Frameworks */,
				B35AFE3E2241670800F2B827 /* ADALiOS.framework in Frameworks */,
				B35AFE402241670800F2B827 /* RxSwift.framework in Frameworks */,
				8F259935B66085ABB349B855 /* Pods_GraphAPI.framework in Frameworks */,
			);
			runOnlyForDeploymentPostprocessing = 0;
		};
		B33AF5C2224154B400C649D4 /* Frameworks */ = {
			isa = PBXFrameworksBuildPhase;
			buildActionMask = 2147483647;
			files = (
			);
			runOnlyForDeploymentPostprocessing = 0;
		};
/* End PBXFrameworksBuildPhase section */

/* Begin PBXGroup section */
		4DC29329ABA33B7729C43FB2 /* Frameworks */ = {
			isa = PBXGroup;
			children = (
				B35AFE432241671700F2B827 /* AVFoundation.framework */,
				B35AFE412241671100F2B827 /* UIKit.framework */,
				B35AFE3D2241670800F2B827 /* ADALiOS.framework */,
				B35AFE3F2241670800F2B827 /* RxSwift.framework */,
				5F084E54DD9D1D63FA18E59D /* Pods_GraphAPI.framework */,
			);
			name = Frameworks;
			sourceTree = "<group>";
		};
		B33AF5A5224154B300C649D4 = {
			isa = PBXGroup;
			children = (
				B33AF5B0224154B300C649D4 /* GraphAPI */,
				B33AF5C8224154B400C649D4 /* GraphAPITests */,
				B33AF5AF224154B300C649D4 /* Products */,
				D0581166DCFEE724C02BDC93 /* Pods */,
				4DC29329ABA33B7729C43FB2 /* Frameworks */,
			);
			sourceTree = "<group>";
		};
		B33AF5AF224154B300C649D4 /* Products */ = {
			isa = PBXGroup;
			children = (
				B33AF5AE224154B300C649D4 /* GraphAPI.app */,
				B33AF5C5224154B400C649D4 /* GraphAPITests.xctest */,
			);
			name = Products;
			sourceTree = "<group>";
		};
		B33AF5B0224154B300C649D4 /* GraphAPI */ = {
			isa = PBXGroup;
			children = (
				B35AFE692241BE2000F2B827 /* GraphAPI.entitlements */,
				B35AFE5B2241835800F2B827 /* Utils */,
				B35AFE58224181FE00F2B827 /* Backend */,
				B35AFE5522417FDD00F2B827 /* ViewModel */,
				B35AFE472241706400F2B827 /* View */,
				B33AF5B1224154B300C649D4 /* AppDelegate.swift */,
				B33AF5B3224154B300C649D4 /* ViewController.swift */,
				B33AF5B5224154B300C649D4 /* Main.storyboard */,
				B33AF5BB224154B400C649D4 /* Assets.xcassets */,
				B33AF5BD224154B400C649D4 /* LaunchScreen.storyboard */,
				B33AF5C0224154B400C649D4 /* Info.plist */,
				B33AF5B8224154B300C649D4 /* GraphAPI.xcdatamodeld */,
			);
			path = GraphAPI;
			sourceTree = "<group>";
		};
		B33AF5C8224154B400C649D4 /* GraphAPITests */ = {
			isa = PBXGroup;
			children = (
				B33AF5C9224154B400C649D4 /* GraphAPITests.swift */,
				B33AF5CB224154B400C649D4 /* Info.plist */,
			);
			path = GraphAPITests;
			sourceTree = "<group>";
		};
		B35AFE472241706400F2B827 /* View */ = {
			isa = PBXGroup;
			children = (
				B35AFE5322417F8800F2B827 /* GraphVc.swift */,
				B35AFE482241707D00F2B827 /* GraphView.swift */,
			);
			path = View;
			sourceTree = "<group>";
		};
		B35AFE5522417FDD00F2B827 /* ViewModel */ = {
			isa = PBXGroup;
			children = (
				B35AFE5622417FEE00F2B827 /* GraphVM.swift */,
			);
			path = ViewModel;
			sourceTree = "<group>";
		};
		B35AFE58224181FE00F2B827 /* Backend */ = {
			isa = PBXGroup;
			children = (
				B35AFE45224167AD00F2B827 /* TokenManagerADAL.swift */,
				B35AFE592241824D00F2B827 /* ITokenManager.swift */,
				B35AFE60224187E900F2B827 /* GraphAPIImpl.swift */,
				B35AFE62224187FC00F2B827 /* IGraphAPI.swift */,
				B35AFE672241B2E000F2B827 /* TokenManagerMSAL.swift */,
			);
			path = Backend;
			sourceTree = "<group>";
		};
		B35AFE5B2241835800F2B827 /* Utils */ = {
			isa = PBXGroup;
			children = (
				B35AFE5C2241836600F2B827 /* LogSubscriberImpl.swift */,
				B35AFE5E224184F400F2B827 /* SubscriberImpl.swift */,
			);
			path = Utils;
			sourceTree = "<group>";
		};
		D0581166DCFEE724C02BDC93 /* Pods */ = {
			isa = PBXGroup;
			children = (
				2BF7D7993F6C17B11DD7746D /* Pods-GraphAPI.debug.xcconfig */,
				6CB1A83E945622BCF3242A87 /* Pods-GraphAPI.release.xcconfig */,
			);
			name = Pods;
			sourceTree = "<group>";
		};
/* End PBXGroup section */

/* Begin PBXNativeTarget section */
		B33AF5AD224154B300C649D4 /* GraphAPI */ = {
			isa = PBXNativeTarget;
			buildConfigurationList = B33AF5CE224154B400C649D4 /* Build configuration list for PBXNativeTarget "GraphAPI" */;
			buildPhases = (
				3D1A488B6BEAAAB475C7E8D3 /* [CP] Check Pods Manifest.lock */,
				B33AF5AA224154B300C649D4 /* Sources */,
				B33AF5AB224154B300C649D4 /* Frameworks */,
				B33AF5AC224154B300C649D4 /* Resources */,
				FB8021D40F2A41B89192E276 /* [CP] Embed Pods Frameworks */,
			);
			buildRules = (
			);
			dependencies = (
			);
			name = GraphAPI;
			productName = GraphAPI;
			productReference = B33AF5AE224154B300C649D4 /* GraphAPI.app */;
			productType = "com.apple.product-type.application";
		};
		B33AF5C4224154B400C649D4 /* GraphAPITests */ = {
			isa = PBXNativeTarget;
			buildConfigurationList = B33AF5D1224154B400C649D4 /* Build configuration list for PBXNativeTarget "GraphAPITests" */;
			buildPhases = (
				B33AF5C1224154B400C649D4 /* Sources */,
				B33AF5C2224154B400C649D4 /* Frameworks */,
				B33AF5C3224154B400C649D4 /* Resources */,
			);
			buildRules = (
			);
			dependencies = (
				B33AF5C7224154B400C649D4 /* PBXTargetDependency */,
			);
			name = GraphAPITests;
			productName = GraphAPITests;
			productReference = B33AF5C5224154B400C649D4 /* GraphAPITests.xctest */;
			productType = "com.apple.product-type.bundle.unit-test";
		};
/* End PBXNativeTarget section */

/* Begin PBXProject section */
		B33AF5A6224154B300C649D4 /* Project object */ = {
			isa = PBXProject;
			attributes = {
				LastSwiftUpdateCheck = 1010;
				LastUpgradeCheck = 1010;
				ORGANIZATIONNAME = Microsoft;
				TargetAttributes = {
					B33AF5AD224154B300C649D4 = {
						CreatedOnToolsVersion = 10.1;
						SystemCapabilities = {
							com.apple.Keychain = {
								enabled = 1;
							};
						};
					};
					B33AF5C4224154B400C649D4 = {
						CreatedOnToolsVersion = 10.1;
						TestTargetID = B33AF5AD224154B300C649D4;
					};
				};
			};
			buildConfigurationList = B33AF5A9224154B300C649D4 /* Build configuration list for PBXProject "GraphAPI" */;
			compatibilityVersion = "Xcode 9.3";
			developmentRegion = en;
			hasScannedForEncodings = 0;
			knownRegions = (
				en,
				Base,
			);
			mainGroup = B33AF5A5224154B300C649D4;
			productRefGroup = B33AF5AF224154B300C649D4 /* Products */;
			projectDirPath = "";
			projectRoot = "";
			targets = (
				B33AF5AD224154B300C649D4 /* GraphAPI */,
				B33AF5C4224154B400C649D4 /* GraphAPITests */,
			);
		};
/* End PBXProject section */

/* Begin PBXResourcesBuildPhase section */
		B33AF5AC224154B300C649D4 /* Resources */ = {
			isa = PBXResourcesBuildPhase;
			buildActionMask = 2147483647;
			files = (
				B33AF5BF224154B400C649D4 /* LaunchScreen.storyboard in Resources */,
				B33AF5BC224154B400C649D4 /* Assets.xcassets in Resources */,
				B33AF5B7224154B300C649D4 /* Main.storyboard in Resources */,
			);
			runOnlyForDeploymentPostprocessing = 0;
		};
		B33AF5C3224154B400C649D4 /* Resources */ = {
			isa = PBXResourcesBuildPhase;
			buildActionMask = 2147483647;
			files = (
			);
			runOnlyForDeploymentPostprocessing = 0;
		};
/* End PBXResourcesBuildPhase section */

/* Begin PBXShellScriptBuildPhase section */
		3D1A488B6BEAAAB475C7E8D3 /* [CP] Check Pods Manifest.lock */ = {
			isa = PBXShellScriptBuildPhase;
			buildActionMask = 2147483647;
			files = (
			);
			inputPaths = (
				"${PODS_PODFILE_DIR_PATH}/Podfile.lock",
				"${PODS_ROOT}/Manifest.lock",
			);
			name = "[CP] Check Pods Manifest.lock";
			outputPaths = (
				"$(DERIVED_FILE_DIR)/Pods-GraphAPI-checkManifestLockResult.txt",
			);
			runOnlyForDeploymentPostprocessing = 0;
			shellPath = /bin/sh;
			shellScript = "diff \"${PODS_PODFILE_DIR_PATH}/Podfile.lock\" \"${PODS_ROOT}/Manifest.lock\" > /dev/null\nif [ $? != 0 ] ; then\n    # print error to STDERR\n    echo \"error: The sandbox is not in sync with the Podfile.lock. Run 'pod install' or update your CocoaPods installation.\" >&2\n    exit 1\nfi\n# This output is used by Xcode 'outputs' to avoid re-running this script phase.\necho \"SUCCESS\" > \"${SCRIPT_OUTPUT_FILE_0}\"\n";
			showEnvVarsInLog = 0;
		};
		FB8021D40F2A41B89192E276 /* [CP] Embed Pods Frameworks */ = {
			isa = PBXShellScriptBuildPhase;
			buildActionMask = 2147483647;
			files = (
			);
			inputPaths = (
				"${SRCROOT}/Pods/Target Support Files/Pods-GraphAPI/Pods-GraphAPI-frameworks.sh",
				"${BUILT_PRODUCTS_DIR}/ADALiOS/ADALiOS.framework",
				"${BUILT_PRODUCTS_DIR}/MSAL/MSAL.framework",
				"${BUILT_PRODUCTS_DIR}/RxCocoa/RxCocoa.framework",
				"${BUILT_PRODUCTS_DIR}/RxSwift/RxSwift.framework",
			);
			name = "[CP] Embed Pods Frameworks";
			outputPaths = (
				"${TARGET_BUILD_DIR}/${FRAMEWORKS_FOLDER_PATH}/ADALiOS.framework",
				"${TARGET_BUILD_DIR}/${FRAMEWORKS_FOLDER_PATH}/MSAL.framework",
				"${TARGET_BUILD_DIR}/${FRAMEWORKS_FOLDER_PATH}/RxCocoa.framework",
				"${TARGET_BUILD_DIR}/${FRAMEWORKS_FOLDER_PATH}/RxSwift.framework",
			);
			runOnlyForDeploymentPostprocessing = 0;
			shellPath = /bin/sh;
			shellScript = "\"${SRCROOT}/Pods/Target Support Files/Pods-GraphAPI/Pods-GraphAPI-frameworks.sh\"\n";
			showEnvVarsInLog = 0;
		};
/* End PBXShellScriptBuildPhase section */

/* Begin PBXSourcesBuildPhase section */
		B33AF5AA224154B300C649D4 /* Sources */ = {
			isa = PBXSourcesBuildPhase;
			buildActionMask = 2147483647;
			files = (
				B35AFE5D2241836600F2B827 /* LogSubscriberImpl.swift in Sources */,
				B35AFE5F224184F400F2B827 /* SubscriberImpl.swift in Sources */,
				B35AFE5722417FEE00F2B827 /* GraphVM.swift in Sources */,
				B35AFE5A2241824D00F2B827 /* ITokenManager.swift in Sources */,
				B35AFE61224187E900F2B827 /* GraphAPIImpl.swift in Sources */,
				B35AFE492241707D00F2B827 /* GraphView.swift in Sources */,
				B35AFE5422417F8800F2B827 /* GraphVc.swift in Sources */,
				B35AFE63224187FC00F2B827 /* IGraphAPI.swift in Sources */,
				B33AF5B4224154B300C649D4 /* ViewController.swift in Sources */,
				B35AFE46224167AD00F2B827 /* TokenManagerADAL.swift in Sources */,
				B33AF5B2224154B300C649D4 /* AppDelegate.swift in Sources */,
				B35AFE682241B2E000F2B827 /* TokenManagerMSAL.swift in Sources */,
				B33AF5BA224154B300C649D4 /* GraphAPI.xcdatamodeld in Sources */,
			);
			runOnlyForDeploymentPostprocessing = 0;
		};
		B33AF5C1224154B400C649D4 /* Sources */ = {
			isa = PBXSourcesBuildPhase;
			buildActionMask = 2147483647;
			files = (
				B33AF5CA224154B400C649D4 /* GraphAPITests.swift in Sources */,
			);
			runOnlyForDeploymentPostprocessing = 0;
		};
/* End PBXSourcesBuildPhase section */

/* Begin PBXTargetDependency section */
		B33AF5C7224154B400C649D4 /* PBXTargetDependency */ = {
			isa = PBXTargetDependency;
			target = B33AF5AD224154B300C649D4 /* GraphAPI */;
			targetProxy = B33AF5C6224154B400C649D4 /* PBXContainerItemProxy */;
		};
/* End PBXTargetDependency section */

/* Begin PBXVariantGroup section */
		B33AF5B5224154B300C649D4 /* Main.storyboard */ = {
			isa = PBXVariantGroup;
			children = (
				B33AF5B6224154B300C649D4 /* Base */,
			);
			name = Main.storyboard;
			sourceTree = "<group>";
		};
		B33AF5BD224154B400C649D4 /* LaunchScreen.storyboard */ = {
			isa = PBXVariantGroup;
			children = (
				B33AF5BE224154B400C649D4 /* Base */,
			);
			name = LaunchScreen.storyboard;
			sourceTree = "<group>";
		};
/* End PBXVariantGroup section */

/* Begin XCBuildConfiguration section */
		B33AF5CC224154B400C649D4 /* Debug */ = {
			isa = XCBuildConfiguration;
			buildSettings = {
				ALWAYS_SEARCH_USER_PATHS = NO;
				CLANG_ANALYZER_NONNULL = YES;
				CLANG_ANALYZER_NUMBER_OBJECT_CONVERSION = YES_AGGRESSIVE;
				CLANG_CXX_LANGUAGE_STANDARD = "gnu++14";
				CLANG_CXX_LIBRARY = "libc++";
				CLANG_ENABLE_MODULES = YES;
				CLANG_ENABLE_OBJC_ARC = YES;
				CLANG_ENABLE_OBJC_WEAK = YES;
				CLANG_WARN_BLOCK_CAPTURE_AUTORELEASING = YES;
				CLANG_WARN_BOOL_CONVERSION = YES;
				CLANG_WARN_COMMA = YES;
				CLANG_WARN_CONSTANT_CONVERSION = YES;
				CLANG_WARN_DEPRECATED_OBJC_IMPLEMENTATIONS = YES;
				CLANG_WARN_DIRECT_OBJC_ISA_USAGE = YES_ERROR;
				CLANG_WARN_DOCUMENTATION_COMMENTS = YES;
				CLANG_WARN_EMPTY_BODY = YES;
				CLANG_WARN_ENUM_CONVERSION = YES;
				CLANG_WARN_INFINITE_RECURSION = YES;
				CLANG_WARN_INT_CONVERSION = YES;
				CLANG_WARN_NON_LITERAL_NULL_CONVERSION = YES;
				CLANG_WARN_OBJC_IMPLICIT_RETAIN_SELF = YES;
				CLANG_WARN_OBJC_LITERAL_CONVERSION = YES;
				CLANG_WARN_OBJC_ROOT_CLASS = YES_ERROR;
				CLANG_WARN_RANGE_LOOP_ANALYSIS = YES;
				CLANG_WARN_STRICT_PROTOTYPES = YES;
				CLANG_WARN_SUSPICIOUS_MOVE = YES;
				CLANG_WARN_UNGUARDED_AVAILABILITY = YES_AGGRESSIVE;
				CLANG_WARN_UNREACHABLE_CODE = YES;
				CLANG_WARN__DUPLICATE_METHOD_MATCH = YES;
				CODE_SIGN_IDENTITY = "iPhone Developer";
				COPY_PHASE_STRIP = NO;
				DEBUG_INFORMATION_FORMAT = dwarf;
				ENABLE_STRICT_OBJC_MSGSEND = YES;
				ENABLE_TESTABILITY = YES;
				GCC_C_LANGUAGE_STANDARD = gnu11;
				GCC_DYNAMIC_NO_PIC = NO;
				GCC_NO_COMMON_BLOCKS = YES;
				GCC_OPTIMIZATION_LEVEL = 0;
				GCC_PREPROCESSOR_DEFINITIONS = (
					"DEBUG=1",
					"$(inherited)",
				);
				GCC_WARN_64_TO_32_BIT_CONVERSION = YES;
				GCC_WARN_ABOUT_RETURN_TYPE = YES_ERROR;
				GCC_WARN_UNDECLARED_SELECTOR = YES;
				GCC_WARN_UNINITIALIZED_AUTOS = YES_AGGRESSIVE;
				GCC_WARN_UNUSED_FUNCTION = YES;
				GCC_WARN_UNUSED_VARIABLE = YES;
				IPHONEOS_DEPLOYMENT_TARGET = 12.1;
				MTL_ENABLE_DEBUG_INFO = INCLUDE_SOURCE;
				MTL_FAST_MATH = YES;
				ONLY_ACTIVE_ARCH = YES;
				SDKROOT = iphoneos;
				SWIFT_ACTIVE_COMPILATION_CONDITIONS = DEBUG;
				SWIFT_OPTIMIZATION_LEVEL = "-Onone";
			};
			name = Debug;
		};
		B33AF5CD224154B400C649D4 /* Release */ = {
			isa = XCBuildConfiguration;
			buildSettings = {
				ALWAYS_SEARCH_USER_PATHS = NO;
				CLANG_ANALYZER_NONNULL = YES;
				CLANG_ANALYZER_NUMBER_OBJECT_CONVERSION = YES_AGGRESSIVE;
				CLANG_CXX_LANGUAGE_STANDARD = "gnu++14";
				CLANG_CXX_LIBRARY = "libc++";
				CLANG_ENABLE_MODULES = YES;
				CLANG_ENABLE_OBJC_ARC = YES;
				CLANG_ENABLE_OBJC_WEAK = YES;
				CLANG_WARN_BLOCK_CAPTURE_AUTORELEASING = YES;
				CLANG_WARN_BOOL_CONVERSION = YES;
				CLANG_WARN_COMMA = YES;
				CLANG_WARN_CONSTANT_CONVERSION = YES;
				CLANG_WARN_DEPRECATED_OBJC_IMPLEMENTATIONS = YES;
				CLANG_WARN_DIRECT_OBJC_ISA_USAGE = YES_ERROR;
				CLANG_WARN_DOCUMENTATION_COMMENTS = YES;
				CLANG_WARN_EMPTY_BODY = YES;
				CLANG_WARN_ENUM_CONVERSION = YES;
				CLANG_WARN_INFINITE_RECURSION = YES;
				CLANG_WARN_INT_CONVERSION = YES;
				CLANG_WARN_NON_LITERAL_NULL_CONVERSION = YES;
				CLANG_WARN_OBJC_IMPLICIT_RETAIN_SELF = YES;
				CLANG_WARN_OBJC_LITERAL_CONVERSION = YES;
				CLANG_WARN_OBJC_ROOT_CLASS = YES_ERROR;
				CLANG_WARN_RANGE_LOOP_ANALYSIS = YES;
				CLANG_WARN_STRICT_PROTOTYPES = YES;
				CLANG_WARN_SUSPICIOUS_MOVE = YES;
				CLANG_WARN_UNGUARDED_AVAILABILITY = YES_AGGRESSIVE;
				CLANG_WARN_UNREACHABLE_CODE = YES;
				CLANG_WARN__DUPLICATE_METHOD_MATCH = YES;
				CODE_SIGN_IDENTITY = "iPhone Developer";
				COPY_PHASE_STRIP = NO;
				DEBUG_INFORMATION_FORMAT = "dwarf-with-dsym";
				ENABLE_NS_ASSERTIONS = NO;
				ENABLE_STRICT_OBJC_MSGSEND = YES;
				GCC_C_LANGUAGE_STANDARD = gnu11;
				GCC_NO_COMMON_BLOCKS = YES;
				GCC_WARN_64_TO_32_BIT_CONVERSION = YES;
				GCC_WARN_ABOUT_RETURN_TYPE = YES_ERROR;
				GCC_WARN_UNDECLARED_SELECTOR = YES;
				GCC_WARN_UNINITIALIZED_AUTOS = YES_AGGRESSIVE;
				GCC_WARN_UNUSED_FUNCTION = YES;
				GCC_WARN_UNUSED_VARIABLE = YES;
				IPHONEOS_DEPLOYMENT_TARGET = 12.1;
				MTL_ENABLE_DEBUG_INFO = NO;
				MTL_FAST_MATH = YES;
				SDKROOT = iphoneos;
				SWIFT_COMPILATION_MODE = wholemodule;
				SWIFT_OPTIMIZATION_LEVEL = "-O";
				VALIDATE_PRODUCT = YES;
			};
			name = Release;
		};
		B33AF5CF224154B400C649D4 /* Debug */ = {
			isa = XCBuildConfiguration;
			baseConfigurationReference = 2BF7D7993F6C17B11DD7746D /* Pods-GraphAPI.debug.xcconfig */;
			buildSettings = {
				ASSETCATALOG_COMPILER_APPICON_NAME = AppIcon;
				CODE_SIGN_ENTITLEMENTS = GraphAPI/GraphAPI.entitlements;
				CODE_SIGN_STYLE = Automatic;
				DEVELOPMENT_TEAM = UBF8T346G9;
				INFOPLIST_FILE = GraphAPI/Info.plist;
				LD_RUNPATH_SEARCH_PATHS = (
					"$(inherited)",
					"@executable_path/Frameworks",
				);
				PRODUCT_BUNDLE_IDENTIFIER = com.skype.GraphAPI;
				PRODUCT_NAME = "$(TARGET_NAME)";
				SWIFT_VERSION = 4.0;
				TARGETED_DEVICE_FAMILY = "1,2";
			};
			name = Debug;
		};
		B33AF5D0224154B400C649D4 /* Release */ = {
			isa = XCBuildConfiguration;
			baseConfigurationReference = 6CB1A83E945622BCF3242A87 /* Pods-GraphAPI.release.xcconfig */;
			buildSettings = {
				ASSETCATALOG_COMPILER_APPICON_NAME = AppIcon;
				CODE_SIGN_ENTITLEMENTS = GraphAPI/GraphAPI.entitlements;
				CODE_SIGN_STYLE = Automatic;
				DEVELOPMENT_TEAM = UBF8T346G9;
				INFOPLIST_FILE = GraphAPI/Info.plist;
				LD_RUNPATH_SEARCH_PATHS = (
					"$(inherited)",
					"@executable_path/Frameworks",
				);
				PRODUCT_BUNDLE_IDENTIFIER = com.skype.GraphAPI;
				PRODUCT_NAME = "$(TARGET_NAME)";
				SWIFT_VERSION = 4.0;
				TARGETED_DEVICE_FAMILY = "1,2";
			};
			name = Release;
		};
		B33AF5D2224154B400C649D4 /* Debug */ = {
			isa = XCBuildConfiguration;
			buildSettings = {
				ALWAYS_EMBED_SWIFT_STANDARD_LIBRARIES = YES;
				BUNDLE_LOADER = "$(TEST_HOST)";
				CODE_SIGN_STYLE = Automatic;
				DEVELOPMENT_TEAM = UBF8T346G9;
				INFOPLIST_FILE = GraphAPITests/Info.plist;
				LD_RUNPATH_SEARCH_PATHS = (
					"$(inherited)",
					"@executable_path/Frameworks",
					"@loader_path/Frameworks",
				);
				PRODUCT_BUNDLE_IDENTIFIER = com.skype.GraphAPITests;
				PRODUCT_NAME = "$(TARGET_NAME)";
				SWIFT_VERSION = 4.2;
				TARGETED_DEVICE_FAMILY = "1,2";
				TEST_HOST = "$(BUILT_PRODUCTS_DIR)/GraphAPI.app/GraphAPI";
			};
			name = Debug;
		};
		B33AF5D3224154B400C649D4 /* Release */ = {
			isa = XCBuildConfiguration;
			buildSettings = {
				ALWAYS_EMBED_SWIFT_STANDARD_LIBRARIES = YES;
				BUNDLE_LOADER = "$(TEST_HOST)";
				CODE_SIGN_STYLE = Automatic;
				DEVELOPMENT_TEAM = UBF8T346G9;
				INFOPLIST_FILE = GraphAPITests/Info.plist;
				LD_RUNPATH_SEARCH_PATHS = (
					"$(inherited)",
					"@executable_path/Frameworks",
					"@loader_path/Frameworks",
				);
				PRODUCT_BUNDLE_IDENTIFIER = com.skype.GraphAPITests;
				PRODUCT_NAME = "$(TARGET_NAME)";
				SWIFT_VERSION = 4.2;
				TARGETED_DEVICE_FAMILY = "1,2";
				TEST_HOST = "$(BUILT_PRODUCTS_DIR)/GraphAPI.app/GraphAPI";
			};
			name = Release;
		};
/* End XCBuildConfiguration section */

/* Begin XCConfigurationList section */
		B33AF5A9224154B300C649D4 /* Build configuration list for PBXProject "GraphAPI" */ = {
			isa = XCConfigurationList;
			buildConfigurations = (
				B33AF5CC224154B400C649D4 /* Debug */,
				B33AF5CD224154B400C649D4 /* Release */,
			);
			defaultConfigurationIsVisible = 0;
			defaultConfigurationName = Release;
		};
		B33AF5CE224154B400C649D4 /* Build configuration list for PBXNativeTarget "GraphAPI" */ = {
			isa = XCConfigurationList;
			buildConfigurations = (
				B33AF5CF224154B400C649D4 /* Debug */,
				B33AF5D0224154B400C649D4 /* Release */,
			);
			defaultConfigurationIsVisible = 0;
			defaultConfigurationName = Release;
		};
		B33AF5D1224154B400C649D4 /* Build configuration list for PBXNativeTarget "GraphAPITests" */ = {
			isa = XCConfigurationList;
			buildConfigurations = (
				B33AF5D2224154B400C649D4 /* Debug */,
				B33AF5D3224154B400C649D4 /* Release */,
			);
			defaultConfigurationIsVisible = 0;
			defaultConfigurationName = Release;
		};
/* End XCConfigurationList section */

/* Begin XCVersionGroup section */
		B33AF5B8224154B300C649D4 /* GraphAPI.xcdatamodeld */ = {
			isa = XCVersionGroup;
			children = (
				B33AF5B9224154B300C649D4 /* GraphAPI.xcdatamodel */,
			);
			currentVersion = B33AF5B9224154B300C649D4 /* GraphAPI.xcdatamodel */;
			path = GraphAPI.xcdatamodeld;
			sourceTree = "<group>";
			versionGroupType = wrapper.xcdatamodel;
		};
/* End XCVersionGroup section */
	};
	rootObject = B33AF5A6224154B300C649D4 /* Project object */;
}
